
Microsoft Visual Studio Solution File, Format Version 12.00
# Visual Studio Version 17
VisualStudioVersion = 17.1.32210.238
MinimumVisualStudioVersion = 10.0.40219.1
Project("{FAE04EC0-301F-11D3-BF4B-00C04F79EFBC}") = "Terraformnet", "Terraformnet.csproj", "{67636671-2F26-4A0C-A99B-C24D40A83FAC}"
EndProject
Global
	GlobalSection(SolutionConfigurationPlatforms) = preSolution
		Debug|Any CPU = Debug|Any CPU
		Release|Any CPU = Release|Any CPU
	EndGlobalSection
	GlobalSection(ProjectConfigurationPlatforms) = postSolution
		{67636671-2F26-4A0C-A99B-C24D40A83FAC}.Debug|Any CPU.ActiveCfg = Debug|Any CPU
		{67636671-2F26-4A0C-A99B-C24D40A83FAC}.Debug|Any CPU.Build.0 = Debug|Any CPU
		{67636671-2F26-4A0C-A99B-C24D40A83FAC}.Release|Any CPU.ActiveCfg = Release|Any CPU
		{67636671-2F26-4A0C-A99B-C24D40A83FAC}.Release|Any CPU.Build.0 = Release|Any CPU
	EndGlobalSection
	GlobalSection(SolutionProperties) = preSolution
		HideSolutionNode = FALSE
	EndGlobalSection
	GlobalSection(ExtensibilityGlobals) = postSolution
		SolutionGuid = {FCFF33C5-9673-46B2-A534-095FF0B42121}
	EndGlobalSection
EndGlobal
